
Microsoft Visual Studio Solution File, Format Version 12.00
# Visual Studio Version 16
VisualStudioVersion = 16.0.30523.141
MinimumVisualStudioVersion = 10.0.40219.1
Project("{9A19103F-16F7-4668-BE54-9A1E7A4F7556}") = "01. Ranking", "01. Ranking.csproj", "{A94E8B5C-DE17-4EA3-B5C3-65D5513F0F6D}"
EndProject
Project("{9A19103F-16F7-4668-BE54-9A1E7A4F7556}") = "04. SnowWhite", "..\04. SnowWhite\04. SnowWhite.csproj", "{F576A261-18E0-4E75-8590-114C850AC310}"
EndProject
Project("{9A19103F-16F7-4668-BE54-9A1E7A4F7556}") = "dwarfSnowWhite", "..\dwarfSnowWhite\dwarfSnowWhite.csproj", "{B1246679-8AC4-4BA2-A529-369506A592BD}"
EndProject
Project("{FAE04EC0-301F-11D3-BF4B-00C04F79EFBC}") = "05. DragonArmy", "..\05. DragonArmy\05. DragonArmy.csproj", "{C9674042-D951-423A-8C5C-5A718E152A7B}"
EndProject
Global
	GlobalSection(SolutionConfigurationPlatforms) = preSolution
		Debug|Any CPU = Debug|Any CPU
		Release|Any CPU = Release|Any CPU
	EndGlobalSection
	GlobalSection(ProjectConfigurationPlatforms) = postSolution
		{A94E8B5C-DE17-4EA3-B5C3-65D5513F0F6D}.Debug|Any CPU.ActiveCfg = Debug|Any CPU
		{A94E8B5C-DE17-4EA3-B5C3-65D5513F0F6D}.Debug|Any CPU.Build.0 = Debug|Any CPU
		{A94E8B5C-DE17-4EA3-B5C3-65D5513F0F6D}.Release|Any CPU.ActiveCfg = Release|Any CPU
		{A94E8B5C-DE17-4EA3-B5C3-65D5513F0F6D}.Release|Any CPU.Build.0 = Release|Any CPU
		{F576A261-18E0-4E75-8590-114C850AC310}.Debug|Any CPU.ActiveCfg = Debug|Any CPU
		{F576A261-18E0-4E75-8590-114C850AC310}.Debug|Any CPU.Build.0 = Debug|Any CPU
		{F576A261-18E0-4E75-8590-114C850AC310}.Release|Any CPU.ActiveCfg = Release|Any CPU
		{F576A261-18E0-4E75-8590-114C850AC310}.Release|Any CPU.Build.0 = Release|Any CPU
		{B1246679-8AC4-4BA2-A529-369506A592BD}.Debug|Any CPU.ActiveCfg = Debug|Any CPU
		{B1246679-8AC4-4BA2-A529-369506A592BD}.Debug|Any CPU.Build.0 = Debug|Any CPU
		{B1246679-8AC4-4BA2-A529-369506A592BD}.Release|Any CPU.ActiveCfg = Release|Any CPU
		{B1246679-8AC4-4BA2-A529-369506A592BD}.Release|Any CPU.Build.0 = Release|Any CPU
		{C9674042-D951-423A-8C5C-5A718E152A7B}.Debug|Any CPU.ActiveCfg = Debug|Any CPU
		{C9674042-D951-423A-8C5C-5A718E152A7B}.Debug|Any CPU.Build.0 = Debug|Any CPU
		{C9674042-D951-423A-8C5C-5A718E152A7B}.Release|Any CPU.ActiveCfg = Release|Any CPU
		{C9674042-D951-423A-8C5C-5A718E152A7B}.Release|Any CPU.Build.0 = Release|Any CPU
	EndGlobalSection
	GlobalSection(SolutionProperties) = preSolution
		HideSolutionNode = FALSE
	EndGlobalSection
	GlobalSection(ExtensibilityGlobals) = postSolution
		SolutionGuid = {089A8EFE-B9F8-4DAF-BF90-066AED80B953}
	EndGlobalSection
EndGlobal
