
Microsoft Visual Studio Solution File, Format Version 12.00
# Visual Studio Version 16
VisualStudioVersion = 16.0.30907.101
MinimumVisualStudioVersion = 10.0.40219.1
Project("{9A19103F-16F7-4668-BE54-9A1E7A4F7556}") = "LinkedLists", "LinkedLists\LinkedLists.csproj", "{967B20D1-0B90-4365-88AA-7CD45B6BF952}"
EndProject
Project("{FAE04EC0-301F-11D3-BF4B-00C04F79EFBC}") = "CustomStack Class", "CustomStack Class\CustomStack Class.csproj", "{01691AD2-AD49-4952-8170-13D4A882B20A}"
EndProject
Global
	GlobalSection(SolutionConfigurationPlatforms) = preSolution
		Debug|Any CPU = Debug|Any CPU
		Release|Any CPU = Release|Any CPU
	EndGlobalSection
	GlobalSection(ProjectConfigurationPlatforms) = postSolution
		{967B20D1-0B90-4365-88AA-7CD45B6BF952}.Debug|Any CPU.ActiveCfg = Debug|Any CPU
		{967B20D1-0B90-4365-88AA-7CD45B6BF952}.Debug|Any CPU.Build.0 = Debug|Any CPU
		{967B20D1-0B90-4365-88AA-7CD45B6BF952}.Release|Any CPU.ActiveCfg = Release|Any CPU
		{967B20D1-0B90-4365-88AA-7CD45B6BF952}.Release|Any CPU.Build.0 = Release|Any CPU
		{01691AD2-AD49-4952-8170-13D4A882B20A}.Debug|Any CPU.ActiveCfg = Debug|Any CPU
		{01691AD2-AD49-4952-8170-13D4A882B20A}.Debug|Any CPU.Build.0 = Debug|Any CPU
		{01691AD2-AD49-4952-8170-13D4A882B20A}.Release|Any CPU.ActiveCfg = Release|Any CPU
		{01691AD2-AD49-4952-8170-13D4A882B20A}.Release|Any CPU.Build.0 = Release|Any CPU
	EndGlobalSection
	GlobalSection(SolutionProperties) = preSolution
		HideSolutionNode = FALSE
	EndGlobalSection
	GlobalSection(ExtensibilityGlobals) = postSolution
		SolutionGuid = {E67B53C4-077D-4A52-B694-1EA6FAB63CDD}
	EndGlobalSection
EndGlobal
