
Microsoft Visual Studio Solution File, Format Version 12.00
# Visual Studio Version 16
VisualStudioVersion = 16.0.30523.141
MinimumVisualStudioVersion = 10.0.40219.1
Project("{FAE04EC0-301F-11D3-BF4B-00C04F79EFBC}") = "01. MatchFullName", "01. MatchFullName.csproj", "{4554C94A-6E8B-44AD-844B-58E7186AA593}"
EndProject
Project("{FAE04EC0-301F-11D3-BF4B-00C04F79EFBC}") = "02. MatchPhoneNumber", "..\02. MatchPhoneNumber\02. MatchPhoneNumber.csproj", "{E8C8F345-6749-4499-ACA6-A43CE483B272}"
EndProject
Project("{FAE04EC0-301F-11D3-BF4B-00C04F79EFBC}") = "03. MatchDates", "..\03. MatchDates\03. MatchDates.csproj", "{A6FC260D-C400-4ACE-B6DF-EAC76E9477CE}"
EndProject
Global
	GlobalSection(SolutionConfigurationPlatforms) = preSolution
		Debug|Any CPU = Debug|Any CPU
		Release|Any CPU = Release|Any CPU
	EndGlobalSection
	GlobalSection(ProjectConfigurationPlatforms) = postSolution
		{4554C94A-6E8B-44AD-844B-58E7186AA593}.Debug|Any CPU.ActiveCfg = Debug|Any CPU
		{4554C94A-6E8B-44AD-844B-58E7186AA593}.Debug|Any CPU.Build.0 = Debug|Any CPU
		{4554C94A-6E8B-44AD-844B-58E7186AA593}.Release|Any CPU.ActiveCfg = Release|Any CPU
		{4554C94A-6E8B-44AD-844B-58E7186AA593}.Release|Any CPU.Build.0 = Release|Any CPU
		{E8C8F345-6749-4499-ACA6-A43CE483B272}.Debug|Any CPU.ActiveCfg = Debug|Any CPU
		{E8C8F345-6749-4499-ACA6-A43CE483B272}.Debug|Any CPU.Build.0 = Debug|Any CPU
		{E8C8F345-6749-4499-ACA6-A43CE483B272}.Release|Any CPU.ActiveCfg = Release|Any CPU
		{E8C8F345-6749-4499-ACA6-A43CE483B272}.Release|Any CPU.Build.0 = Release|Any CPU
		{A6FC260D-C400-4ACE-B6DF-EAC76E9477CE}.Debug|Any CPU.ActiveCfg = Debug|Any CPU
		{A6FC260D-C400-4ACE-B6DF-EAC76E9477CE}.Debug|Any CPU.Build.0 = Debug|Any CPU
		{A6FC260D-C400-4ACE-B6DF-EAC76E9477CE}.Release|Any CPU.ActiveCfg = Release|Any CPU
		{A6FC260D-C400-4ACE-B6DF-EAC76E9477CE}.Release|Any CPU.Build.0 = Release|Any CPU
	EndGlobalSection
	GlobalSection(SolutionProperties) = preSolution
		HideSolutionNode = FALSE
	EndGlobalSection
	GlobalSection(ExtensibilityGlobals) = postSolution
		SolutionGuid = {EB327AB6-A635-4C07-BF86-1BD5B9ADDC22}
	EndGlobalSection
EndGlobal
