
Microsoft Visual Studio Solution File, Format Version 12.00
# Visual Studio Version 16
VisualStudioVersion = 16.0.30523.141
MinimumVisualStudioVersion = 10.0.40219.1
Project("{FAE04EC0-301F-11D3-BF4B-00C04F79EFBC}") = "01. TextProcessing", "01. TextProcessing.csproj", "{58364A50-E908-4BEE-82D9-A198BC13A032}"
EndProject
Project("{FAE04EC0-301F-11D3-BF4B-00C04F79EFBC}") = "02. CharacterMultiplier", "..\CharacterMultiplier\02. CharacterMultiplier.csproj", "{68BFDE24-3AB0-44E4-9A70-B35C2EF6463E}"
EndProject
Project("{FAE04EC0-301F-11D3-BF4B-00C04F79EFBC}") = "03. ExtractFile", "..\03. ExtractFile\03. ExtractFile.csproj", "{EDFB0B8D-D881-4833-ACF2-EF67BF6078AE}"
EndProject
Project("{FAE04EC0-301F-11D3-BF4B-00C04F79EFBC}") = "06. ReplaceRepeatingChars", "..\06. ReplaceRepeatingChars\06. ReplaceRepeatingChars.csproj", "{AB248957-87AA-472B-87E8-7B2CB2DFE61D}"
EndProject
Project("{FAE04EC0-301F-11D3-BF4B-00C04F79EFBC}") = "05. MultiplyBigNumber", "..\05. MultiplyBigNumber\05. MultiplyBigNumber.csproj", "{AF3B9BCD-2DA4-46CA-B735-241C75B06D62}"
EndProject
Global
	GlobalSection(SolutionConfigurationPlatforms) = preSolution
		Debug|Any CPU = Debug|Any CPU
		Release|Any CPU = Release|Any CPU
	EndGlobalSection
	GlobalSection(ProjectConfigurationPlatforms) = postSolution
		{58364A50-E908-4BEE-82D9-A198BC13A032}.Debug|Any CPU.ActiveCfg = Debug|Any CPU
		{58364A50-E908-4BEE-82D9-A198BC13A032}.Debug|Any CPU.Build.0 = Debug|Any CPU
		{58364A50-E908-4BEE-82D9-A198BC13A032}.Release|Any CPU.ActiveCfg = Release|Any CPU
		{58364A50-E908-4BEE-82D9-A198BC13A032}.Release|Any CPU.Build.0 = Release|Any CPU
		{68BFDE24-3AB0-44E4-9A70-B35C2EF6463E}.Debug|Any CPU.ActiveCfg = Debug|Any CPU
		{68BFDE24-3AB0-44E4-9A70-B35C2EF6463E}.Debug|Any CPU.Build.0 = Debug|Any CPU
		{68BFDE24-3AB0-44E4-9A70-B35C2EF6463E}.Release|Any CPU.ActiveCfg = Release|Any CPU
		{68BFDE24-3AB0-44E4-9A70-B35C2EF6463E}.Release|Any CPU.Build.0 = Release|Any CPU
		{EDFB0B8D-D881-4833-ACF2-EF67BF6078AE}.Debug|Any CPU.ActiveCfg = Debug|Any CPU
		{EDFB0B8D-D881-4833-ACF2-EF67BF6078AE}.Debug|Any CPU.Build.0 = Debug|Any CPU
		{EDFB0B8D-D881-4833-ACF2-EF67BF6078AE}.Release|Any CPU.ActiveCfg = Release|Any CPU
		{EDFB0B8D-D881-4833-ACF2-EF67BF6078AE}.Release|Any CPU.Build.0 = Release|Any CPU
		{AB248957-87AA-472B-87E8-7B2CB2DFE61D}.Debug|Any CPU.ActiveCfg = Debug|Any CPU
		{AB248957-87AA-472B-87E8-7B2CB2DFE61D}.Debug|Any CPU.Build.0 = Debug|Any CPU
		{AB248957-87AA-472B-87E8-7B2CB2DFE61D}.Release|Any CPU.ActiveCfg = Release|Any CPU
		{AB248957-87AA-472B-87E8-7B2CB2DFE61D}.Release|Any CPU.Build.0 = Release|Any CPU
		{AF3B9BCD-2DA4-46CA-B735-241C75B06D62}.Debug|Any CPU.ActiveCfg = Debug|Any CPU
		{AF3B9BCD-2DA4-46CA-B735-241C75B06D62}.Debug|Any CPU.Build.0 = Debug|Any CPU
		{AF3B9BCD-2DA4-46CA-B735-241C75B06D62}.Release|Any CPU.ActiveCfg = Release|Any CPU
		{AF3B9BCD-2DA4-46CA-B735-241C75B06D62}.Release|Any CPU.Build.0 = Release|Any CPU
	EndGlobalSection
	GlobalSection(SolutionProperties) = preSolution
		HideSolutionNode = FALSE
	EndGlobalSection
	GlobalSection(ExtensibilityGlobals) = postSolution
		SolutionGuid = {ADEEAB4F-A8DF-48D7-9F79-7D6CA71145A1}
	EndGlobalSection
EndGlobal
