
Microsoft Visual Studio Solution File, Format Version 12.00
# Visual Studio Version 16
VisualStudioVersion = 16.0.30114.105
MinimumVisualStudioVersion = 10.0.40219.1
Project("{9A19103F-16F7-4668-BE54-9A1E7A4F7556}") = "Excelent", "Excelent\Excelent.csproj", "{15C9D086-0DA1-404D-AC86-DA0D2397E0BF}"
EndProject
Global
	GlobalSection(SolutionConfigurationPlatforms) = preSolution
		Debug|Any CPU = Debug|Any CPU
		Release|Any CPU = Release|Any CPU
	EndGlobalSection
	GlobalSection(ProjectConfigurationPlatforms) = postSolution
		{15C9D086-0DA1-404D-AC86-DA0D2397E0BF}.Debug|Any CPU.ActiveCfg = Debug|Any CPU
		{15C9D086-0DA1-404D-AC86-DA0D2397E0BF}.Debug|Any CPU.Build.0 = Debug|Any CPU
		{15C9D086-0DA1-404D-AC86-DA0D2397E0BF}.Release|Any CPU.ActiveCfg = Release|Any CPU
		{15C9D086-0DA1-404D-AC86-DA0D2397E0BF}.Release|Any CPU.Build.0 = Release|Any CPU
	EndGlobalSection
	GlobalSection(SolutionProperties) = preSolution
		HideSolutionNode = FALSE
	EndGlobalSection
	GlobalSection(ExtensibilityGlobals) = postSolution
		SolutionGuid = {DD7833B0-5759-412F-92EB-4559C1B42290}
	EndGlobalSection
EndGlobal
