
Microsoft Visual Studio Solution File, Format Version 12.00
# Visual Studio Version 16
VisualStudioVersion = 16.0.30907.101
MinimumVisualStudioVersion = 10.0.40219.1
Project("{9A19103F-16F7-4668-BE54-9A1E7A4F7556}") = "P01", "P01\P01.csproj", "{555DC143-18B3-41F5-8B59-63518795E06A}"
EndProject
Project("{9A19103F-16F7-4668-BE54-9A1E7A4F7556}") = "P02", "P02\P02.csproj", "{39AEB40E-58B7-4F75-838A-052902536601}"
EndProject
Project("{9A19103F-16F7-4668-BE54-9A1E7A4F7556}") = "TheRace", "P03\TheRace.csproj", "{AB05CA75-B828-4F5D-BD99-F3D3BBF50022}"
EndProject
Global
	GlobalSection(SolutionConfigurationPlatforms) = preSolution
		Debug|Any CPU = Debug|Any CPU
		Release|Any CPU = Release|Any CPU
	EndGlobalSection
	GlobalSection(ProjectConfigurationPlatforms) = postSolution
		{555DC143-18B3-41F5-8B59-63518795E06A}.Debug|Any CPU.ActiveCfg = Debug|Any CPU
		{555DC143-18B3-41F5-8B59-63518795E06A}.Debug|Any CPU.Build.0 = Debug|Any CPU
		{555DC143-18B3-41F5-8B59-63518795E06A}.Release|Any CPU.ActiveCfg = Release|Any CPU
		{555DC143-18B3-41F5-8B59-63518795E06A}.Release|Any CPU.Build.0 = Release|Any CPU
		{39AEB40E-58B7-4F75-838A-052902536601}.Debug|Any CPU.ActiveCfg = Debug|Any CPU
		{39AEB40E-58B7-4F75-838A-052902536601}.Debug|Any CPU.Build.0 = Debug|Any CPU
		{39AEB40E-58B7-4F75-838A-052902536601}.Release|Any CPU.ActiveCfg = Release|Any CPU
		{39AEB40E-58B7-4F75-838A-052902536601}.Release|Any CPU.Build.0 = Release|Any CPU
		{AB05CA75-B828-4F5D-BD99-F3D3BBF50022}.Debug|Any CPU.ActiveCfg = Debug|Any CPU
		{AB05CA75-B828-4F5D-BD99-F3D3BBF50022}.Debug|Any CPU.Build.0 = Debug|Any CPU
		{AB05CA75-B828-4F5D-BD99-F3D3BBF50022}.Release|Any CPU.ActiveCfg = Release|Any CPU
		{AB05CA75-B828-4F5D-BD99-F3D3BBF50022}.Release|Any CPU.Build.0 = Release|Any CPU
	EndGlobalSection
	GlobalSection(SolutionProperties) = preSolution
		HideSolutionNode = FALSE
	EndGlobalSection
	GlobalSection(ExtensibilityGlobals) = postSolution
		SolutionGuid = {12E6925F-A594-4EF4-87D5-3207B907629B}
	EndGlobalSection
EndGlobal
