
Microsoft Visual Studio Solution File, Format Version 12.00
# Visual Studio Version 16
VisualStudioVersion = 16.0.30907.101
MinimumVisualStudioVersion = 10.0.40219.1
Project("{FAE04EC0-301F-11D3-BF4B-00C04F79EFBC}") = "P01.Cooking", "Cooking\P01.Cooking.csproj", "{6F07EDDA-929B-4EE8-BACE-A1101D8A8377}"
EndProject
Project("{FAE04EC0-301F-11D3-BF4B-00C04F79EFBC}") = "P02.Selling", "P02.Selling\P02.Selling.csproj", "{19BB097F-5DE2-411D-8DF8-9A841A7786BE}"
EndProject
Project("{FAE04EC0-301F-11D3-BF4B-00C04F79EFBC}") = "P03.Openning", "P03.Openning\P03.Openning.csproj", "{266DB083-DFCB-4443-8B75-0CDD163340BC}"
EndProject
Global
	GlobalSection(SolutionConfigurationPlatforms) = preSolution
		Debug|Any CPU = Debug|Any CPU
		Release|Any CPU = Release|Any CPU
	EndGlobalSection
	GlobalSection(ProjectConfigurationPlatforms) = postSolution
		{6F07EDDA-929B-4EE8-BACE-A1101D8A8377}.Debug|Any CPU.ActiveCfg = Debug|Any CPU
		{6F07EDDA-929B-4EE8-BACE-A1101D8A8377}.Debug|Any CPU.Build.0 = Debug|Any CPU
		{6F07EDDA-929B-4EE8-BACE-A1101D8A8377}.Release|Any CPU.ActiveCfg = Release|Any CPU
		{6F07EDDA-929B-4EE8-BACE-A1101D8A8377}.Release|Any CPU.Build.0 = Release|Any CPU
		{19BB097F-5DE2-411D-8DF8-9A841A7786BE}.Debug|Any CPU.ActiveCfg = Debug|Any CPU
		{19BB097F-5DE2-411D-8DF8-9A841A7786BE}.Debug|Any CPU.Build.0 = Debug|Any CPU
		{19BB097F-5DE2-411D-8DF8-9A841A7786BE}.Release|Any CPU.ActiveCfg = Release|Any CPU
		{19BB097F-5DE2-411D-8DF8-9A841A7786BE}.Release|Any CPU.Build.0 = Release|Any CPU
		{266DB083-DFCB-4443-8B75-0CDD163340BC}.Debug|Any CPU.ActiveCfg = Debug|Any CPU
		{266DB083-DFCB-4443-8B75-0CDD163340BC}.Debug|Any CPU.Build.0 = Debug|Any CPU
		{266DB083-DFCB-4443-8B75-0CDD163340BC}.Release|Any CPU.ActiveCfg = Release|Any CPU
		{266DB083-DFCB-4443-8B75-0CDD163340BC}.Release|Any CPU.Build.0 = Release|Any CPU
	EndGlobalSection
	GlobalSection(SolutionProperties) = preSolution
		HideSolutionNode = FALSE
	EndGlobalSection
	GlobalSection(ExtensibilityGlobals) = postSolution
		SolutionGuid = {78B6EC8B-DC35-4C1C-BB26-C89B2C48B357}
	EndGlobalSection
EndGlobal
