
Microsoft Visual Studio Solution File, Format Version 12.00
# Visual Studio Version 16
VisualStudioVersion = 16.0.30114.105
MinimumVisualStudioVersion = 10.0.40219.1
Project("{FAE04EC0-301F-11D3-BF4B-00C04F79EFBC}") = "CS", "CS\CS.csproj", "{26E94FD4-D505-4C3B-98C0-30F568292C21}"
EndProject
Global
	GlobalSection(SolutionConfigurationPlatforms) = preSolution
		Debug|Any CPU = Debug|Any CPU
		Release|Any CPU = Release|Any CPU
	EndGlobalSection
	GlobalSection(ProjectConfigurationPlatforms) = postSolution
		{26E94FD4-D505-4C3B-98C0-30F568292C21}.Debug|Any CPU.ActiveCfg = Debug|Any CPU
		{26E94FD4-D505-4C3B-98C0-30F568292C21}.Debug|Any CPU.Build.0 = Debug|Any CPU
		{26E94FD4-D505-4C3B-98C0-30F568292C21}.Release|Any CPU.ActiveCfg = Release|Any CPU
		{26E94FD4-D505-4C3B-98C0-30F568292C21}.Release|Any CPU.Build.0 = Release|Any CPU
	EndGlobalSection
	GlobalSection(SolutionProperties) = preSolution
		HideSolutionNode = FALSE
	EndGlobalSection
	GlobalSection(ExtensibilityGlobals) = postSolution
		SolutionGuid = {AEE07CDE-2882-4041-B59B-D907F1A21A94}
	EndGlobalSection
EndGlobal
