
Microsoft Visual Studio Solution File, Format Version 12.00
# Visual Studio Version 16
VisualStudioVersion = 16.0.30804.86
MinimumVisualStudioVersion = 10.0.40219.1
Project("{9A19103F-16F7-4668-BE54-9A1E7A4F7556}") = "01. CountSameValueInArray", "01. CountSameValueInArray.csproj", "{063D0AF3-9D08-4F9E-BF0E-EDDCBF02037A}"
EndProject
Project("{9A19103F-16F7-4668-BE54-9A1E7A4F7556}") = "02. AverageStudentGrades", "..\02. AverageStudentGrades\02. AverageStudentGrades.csproj", "{020D6F1D-88AE-4B6D-BDC0-980D9116CA85}"
EndProject
Project("{9A19103F-16F7-4668-BE54-9A1E7A4F7556}") = "03. ProductShop", "..\03. ProductShop\03. ProductShop.csproj", "{2D1D36C2-E58B-436F-8B5E-79007D901565}"
EndProject
Project("{9A19103F-16F7-4668-BE54-9A1E7A4F7556}") = "04. CitiesByContinentAndCountry", "..\04. CitiesByContinentAndCountry\04. CitiesByContinentAndCountry.csproj", "{C413F1C0-20AC-4F08-9C88-1F9FCD4EDC66}"
EndProject
Project("{9A19103F-16F7-4668-BE54-9A1E7A4F7556}") = "05. RecordUniqueNames", "..\05. RecordUniqueNames\05. RecordUniqueNames.csproj", "{130A1C7E-A4EB-4282-8BA0-1A768C6165EB}"
EndProject
Project("{FAE04EC0-301F-11D3-BF4B-00C04F79EFBC}") = "06. ParkingLot", "..\06. ParkingLot\06. ParkingLot.csproj", "{038C1571-5825-4EC2-B810-1C8D2C04F201}"
EndProject
Project("{FAE04EC0-301F-11D3-BF4B-00C04F79EFBC}") = "07. SoftUniParty", "..\07. SoftUniParty\07. SoftUniParty.csproj", "{2D55C6E6-B1C7-48A6-BC67-BA02CCD757CA}"
EndProject
Global
	GlobalSection(SolutionConfigurationPlatforms) = preSolution
		Debug|Any CPU = Debug|Any CPU
		Release|Any CPU = Release|Any CPU
	EndGlobalSection
	GlobalSection(ProjectConfigurationPlatforms) = postSolution
		{063D0AF3-9D08-4F9E-BF0E-EDDCBF02037A}.Debug|Any CPU.ActiveCfg = Debug|Any CPU
		{063D0AF3-9D08-4F9E-BF0E-EDDCBF02037A}.Debug|Any CPU.Build.0 = Debug|Any CPU
		{063D0AF3-9D08-4F9E-BF0E-EDDCBF02037A}.Release|Any CPU.ActiveCfg = Release|Any CPU
		{063D0AF3-9D08-4F9E-BF0E-EDDCBF02037A}.Release|Any CPU.Build.0 = Release|Any CPU
		{020D6F1D-88AE-4B6D-BDC0-980D9116CA85}.Debug|Any CPU.ActiveCfg = Debug|Any CPU
		{020D6F1D-88AE-4B6D-BDC0-980D9116CA85}.Debug|Any CPU.Build.0 = Debug|Any CPU
		{020D6F1D-88AE-4B6D-BDC0-980D9116CA85}.Release|Any CPU.ActiveCfg = Release|Any CPU
		{020D6F1D-88AE-4B6D-BDC0-980D9116CA85}.Release|Any CPU.Build.0 = Release|Any CPU
		{2D1D36C2-E58B-436F-8B5E-79007D901565}.Debug|Any CPU.ActiveCfg = Debug|Any CPU
		{2D1D36C2-E58B-436F-8B5E-79007D901565}.Debug|Any CPU.Build.0 = Debug|Any CPU
		{2D1D36C2-E58B-436F-8B5E-79007D901565}.Release|Any CPU.ActiveCfg = Release|Any CPU
		{2D1D36C2-E58B-436F-8B5E-79007D901565}.Release|Any CPU.Build.0 = Release|Any CPU
		{C413F1C0-20AC-4F08-9C88-1F9FCD4EDC66}.Debug|Any CPU.ActiveCfg = Debug|Any CPU
		{C413F1C0-20AC-4F08-9C88-1F9FCD4EDC66}.Debug|Any CPU.Build.0 = Debug|Any CPU
		{C413F1C0-20AC-4F08-9C88-1F9FCD4EDC66}.Release|Any CPU.ActiveCfg = Release|Any CPU
		{C413F1C0-20AC-4F08-9C88-1F9FCD4EDC66}.Release|Any CPU.Build.0 = Release|Any CPU
		{130A1C7E-A4EB-4282-8BA0-1A768C6165EB}.Debug|Any CPU.ActiveCfg = Debug|Any CPU
		{130A1C7E-A4EB-4282-8BA0-1A768C6165EB}.Debug|Any CPU.Build.0 = Debug|Any CPU
		{130A1C7E-A4EB-4282-8BA0-1A768C6165EB}.Release|Any CPU.ActiveCfg = Release|Any CPU
		{130A1C7E-A4EB-4282-8BA0-1A768C6165EB}.Release|Any CPU.Build.0 = Release|Any CPU
		{038C1571-5825-4EC2-B810-1C8D2C04F201}.Debug|Any CPU.ActiveCfg = Debug|Any CPU
		{038C1571-5825-4EC2-B810-1C8D2C04F201}.Debug|Any CPU.Build.0 = Debug|Any CPU
		{038C1571-5825-4EC2-B810-1C8D2C04F201}.Release|Any CPU.ActiveCfg = Release|Any CPU
		{038C1571-5825-4EC2-B810-1C8D2C04F201}.Release|Any CPU.Build.0 = Release|Any CPU
		{2D55C6E6-B1C7-48A6-BC67-BA02CCD757CA}.Debug|Any CPU.ActiveCfg = Debug|Any CPU
		{2D55C6E6-B1C7-48A6-BC67-BA02CCD757CA}.Debug|Any CPU.Build.0 = Debug|Any CPU
		{2D55C6E6-B1C7-48A6-BC67-BA02CCD757CA}.Release|Any CPU.ActiveCfg = Release|Any CPU
		{2D55C6E6-B1C7-48A6-BC67-BA02CCD757CA}.Release|Any CPU.Build.0 = Release|Any CPU
	EndGlobalSection
	GlobalSection(SolutionProperties) = preSolution
		HideSolutionNode = FALSE
	EndGlobalSection
	GlobalSection(ExtensibilityGlobals) = postSolution
		SolutionGuid = {B484195C-4D70-42E6-82D7-B8EDD1BEF5DB}
	EndGlobalSection
EndGlobal
