
Microsoft Visual Studio Solution File, Format Version 12.00
# Visual Studio Version 16
VisualStudioVersion = 16.0.30907.101
MinimumVisualStudioVersion = 10.0.40219.1
Project("{FAE04EC0-301F-11D3-BF4B-00C04F79EFBC}") = "P01.MathOperation", "P01.MathOperation\P01.MathOperation.csproj", "{B949ED18-EE68-441E-B82E-C8AC4065236C}"
EndProject
Project("{FAE04EC0-301F-11D3-BF4B-00C04F79EFBC}") = "P02.Animals", "P02.Animals\P02.Animals.csproj", "{7509315F-A2FA-45BA-B0EA-C2E0A3220D1E}"
EndProject
Project("{FAE04EC0-301F-11D3-BF4B-00C04F79EFBC}") = "P03.Shapes", "P03.Shapes\P03.Shapes.csproj", "{AAD38C94-42B0-48F7-BAD5-C252A4D73840}"
EndProject
Global
	GlobalSection(SolutionConfigurationPlatforms) = preSolution
		Debug|Any CPU = Debug|Any CPU
		Release|Any CPU = Release|Any CPU
	EndGlobalSection
	GlobalSection(ProjectConfigurationPlatforms) = postSolution
		{B949ED18-EE68-441E-B82E-C8AC4065236C}.Debug|Any CPU.ActiveCfg = Debug|Any CPU
		{B949ED18-EE68-441E-B82E-C8AC4065236C}.Debug|Any CPU.Build.0 = Debug|Any CPU
		{B949ED18-EE68-441E-B82E-C8AC4065236C}.Release|Any CPU.ActiveCfg = Release|Any CPU
		{B949ED18-EE68-441E-B82E-C8AC4065236C}.Release|Any CPU.Build.0 = Release|Any CPU
		{7509315F-A2FA-45BA-B0EA-C2E0A3220D1E}.Debug|Any CPU.ActiveCfg = Debug|Any CPU
		{7509315F-A2FA-45BA-B0EA-C2E0A3220D1E}.Debug|Any CPU.Build.0 = Debug|Any CPU
		{7509315F-A2FA-45BA-B0EA-C2E0A3220D1E}.Release|Any CPU.ActiveCfg = Release|Any CPU
		{7509315F-A2FA-45BA-B0EA-C2E0A3220D1E}.Release|Any CPU.Build.0 = Release|Any CPU
		{AAD38C94-42B0-48F7-BAD5-C252A4D73840}.Debug|Any CPU.ActiveCfg = Debug|Any CPU
		{AAD38C94-42B0-48F7-BAD5-C252A4D73840}.Debug|Any CPU.Build.0 = Debug|Any CPU
		{AAD38C94-42B0-48F7-BAD5-C252A4D73840}.Release|Any CPU.ActiveCfg = Release|Any CPU
		{AAD38C94-42B0-48F7-BAD5-C252A4D73840}.Release|Any CPU.Build.0 = Release|Any CPU
	EndGlobalSection
	GlobalSection(SolutionProperties) = preSolution
		HideSolutionNode = FALSE
	EndGlobalSection
	GlobalSection(ExtensibilityGlobals) = postSolution
		SolutionGuid = {27255967-19E1-4E3D-94C2-1CC7AEDCC034}
	EndGlobalSection
EndGlobal
