
Microsoft Visual Studio Solution File, Format Version 12.00
# Visual Studio Version 16
VisualStudioVersion = 16.0.30406.217
MinimumVisualStudioVersion = 10.0.40219.1
Project("{9A19103F-16F7-4668-BE54-9A1E7A4F7556}") = "FundamentalsFirstLecture", "FundamentalsFirstLecture\FundamentalsFirstLecture.csproj", "{201FC419-5107-4A67-A398-DC5F03356EF1}"
EndProject
Project("{9A19103F-16F7-4668-BE54-9A1E7A4F7556}") = "DjingelBELZZZZZZZZZZZZZZ", "DjingelBELZZZZZZZZZZZZZZ\DjingelBELZZZZZZZZZZZZZZ.csproj", "{5BF8FE9E-AE89-4C79-BC0B-B519FFB0CE6A}"
EndProject
Project("{FAE04EC0-301F-11D3-BF4B-00C04F79EFBC}") = "do while", "do while\do while.csproj", "{B147CF07-F6D7-4D5F-BF30-B9D4811BCBFA}"
EndProject
Global
	GlobalSection(SolutionConfigurationPlatforms) = preSolution
		Debug|Any CPU = Debug|Any CPU
		Release|Any CPU = Release|Any CPU
	EndGlobalSection
	GlobalSection(ProjectConfigurationPlatforms) = postSolution
		{201FC419-5107-4A67-A398-DC5F03356EF1}.Debug|Any CPU.ActiveCfg = Debug|Any CPU
		{201FC419-5107-4A67-A398-DC5F03356EF1}.Debug|Any CPU.Build.0 = Debug|Any CPU
		{201FC419-5107-4A67-A398-DC5F03356EF1}.Release|Any CPU.ActiveCfg = Release|Any CPU
		{201FC419-5107-4A67-A398-DC5F03356EF1}.Release|Any CPU.Build.0 = Release|Any CPU
		{5BF8FE9E-AE89-4C79-BC0B-B519FFB0CE6A}.Debug|Any CPU.ActiveCfg = Debug|Any CPU
		{5BF8FE9E-AE89-4C79-BC0B-B519FFB0CE6A}.Debug|Any CPU.Build.0 = Debug|Any CPU
		{5BF8FE9E-AE89-4C79-BC0B-B519FFB0CE6A}.Release|Any CPU.ActiveCfg = Release|Any CPU
		{5BF8FE9E-AE89-4C79-BC0B-B519FFB0CE6A}.Release|Any CPU.Build.0 = Release|Any CPU
		{B147CF07-F6D7-4D5F-BF30-B9D4811BCBFA}.Debug|Any CPU.ActiveCfg = Debug|Any CPU
		{B147CF07-F6D7-4D5F-BF30-B9D4811BCBFA}.Debug|Any CPU.Build.0 = Debug|Any CPU
		{B147CF07-F6D7-4D5F-BF30-B9D4811BCBFA}.Release|Any CPU.ActiveCfg = Release|Any CPU
		{B147CF07-F6D7-4D5F-BF30-B9D4811BCBFA}.Release|Any CPU.Build.0 = Release|Any CPU
	EndGlobalSection
	GlobalSection(SolutionProperties) = preSolution
		HideSolutionNode = FALSE
	EndGlobalSection
	GlobalSection(ExtensibilityGlobals) = postSolution
		SolutionGuid = {6D90D30B-7C34-45E1-8755-CAB2CE8D8C6B}
	EndGlobalSection
EndGlobal
