
Microsoft Visual Studio Solution File, Format Version 12.00
# Visual Studio Version 16
VisualStudioVersion = 16.0.30523.141
MinimumVisualStudioVersion = 10.0.40219.1
Project("{FAE04EC0-301F-11D3-BF4B-00C04F79EFBC}") = "111", "111.csproj", "{1031C865-7F5B-4111-80B2-147CDB5A0797}"
EndProject
Global
	GlobalSection(SolutionConfigurationPlatforms) = preSolution
		Debug|Any CPU = Debug|Any CPU
		Release|Any CPU = Release|Any CPU
	EndGlobalSection
	GlobalSection(ProjectConfigurationPlatforms) = postSolution
		{1031C865-7F5B-4111-80B2-147CDB5A0797}.Debug|Any CPU.ActiveCfg = Debug|Any CPU
		{1031C865-7F5B-4111-80B2-147CDB5A0797}.Debug|Any CPU.Build.0 = Debug|Any CPU
		{1031C865-7F5B-4111-80B2-147CDB5A0797}.Release|Any CPU.ActiveCfg = Release|Any CPU
		{1031C865-7F5B-4111-80B2-147CDB5A0797}.Release|Any CPU.Build.0 = Release|Any CPU
	EndGlobalSection
	GlobalSection(SolutionProperties) = preSolution
		HideSolutionNode = FALSE
	EndGlobalSection
	GlobalSection(ExtensibilityGlobals) = postSolution
		SolutionGuid = {2E17171D-E5E2-4B9A-B50D-A2FD190D5E6C}
	EndGlobalSection
EndGlobal
