
Microsoft Visual Studio Solution File, Format Version 12.00
# Visual Studio Version 16
VisualStudioVersion = 16.0.30907.101
MinimumVisualStudioVersion = 10.0.40219.1
Project("{9A19103F-16F7-4668-BE54-9A1E7A4F7556}") = "P01.TheFightForGondor", "P01.TheFightForGondor.csproj", "{E711C5CD-C232-4D73-895A-B21A73AB67DD}"
EndProject
Global
	GlobalSection(SolutionConfigurationPlatforms) = preSolution
		Debug|Any CPU = Debug|Any CPU
		Release|Any CPU = Release|Any CPU
	EndGlobalSection
	GlobalSection(ProjectConfigurationPlatforms) = postSolution
		{E711C5CD-C232-4D73-895A-B21A73AB67DD}.Debug|Any CPU.ActiveCfg = Debug|Any CPU
		{E711C5CD-C232-4D73-895A-B21A73AB67DD}.Debug|Any CPU.Build.0 = Debug|Any CPU
		{E711C5CD-C232-4D73-895A-B21A73AB67DD}.Release|Any CPU.ActiveCfg = Release|Any CPU
		{E711C5CD-C232-4D73-895A-B21A73AB67DD}.Release|Any CPU.Build.0 = Release|Any CPU
	EndGlobalSection
	GlobalSection(SolutionProperties) = preSolution
		HideSolutionNode = FALSE
	EndGlobalSection
	GlobalSection(ExtensibilityGlobals) = postSolution
		SolutionGuid = {3CB74FE4-6D8D-4D7F-A48C-C26938D67193}
	EndGlobalSection
EndGlobal
