
Microsoft Visual Studio Solution File, Format Version 12.00
# Visual Studio Version 16
VisualStudioVersion = 16.0.30907.101
MinimumVisualStudioVersion = 10.0.40219.1
Project("{FAE04EC0-301F-11D3-BF4B-00C04F79EFBC}") = "GenericBoxOfString", "GenericBoxOfString\GenericBoxOfString.csproj", "{65F8C139-1494-47BD-B8B6-AD2B90913F00}"
EndProject
Project("{FAE04EC0-301F-11D3-BF4B-00C04F79EFBC}") = "GenericBoxOFInteger", "GenericBoxOFInteger\GenericBoxOFInteger.csproj", "{80B93663-4DE2-4A3D-9B87-023975A08A24}"
EndProject
Project("{FAE04EC0-301F-11D3-BF4B-00C04F79EFBC}") = "GenericSwapMethodStrings", "GenericSwapMethodStrings\GenericSwapMethodStrings.csproj", "{BD946F7E-8C5D-4583-91E6-312E5BA4B7BD}"
EndProject
Project("{FAE04EC0-301F-11D3-BF4B-00C04F79EFBC}") = "GenericSwapMethodIntegers", "GenericSwapMethodIntegers\GenericSwapMethodIntegers.csproj", "{C1DCBF80-AB70-49EB-9D94-268ACF81A682}"
EndProject
Project("{FAE04EC0-301F-11D3-BF4B-00C04F79EFBC}") = "GenericCountMethodString", "GenericCountMethodString\GenericCountMethodString.csproj", "{10009B5D-164D-4E21-92D2-2CAAF09A7F16}"
EndProject
Project("{FAE04EC0-301F-11D3-BF4B-00C04F79EFBC}") = "GenericCountMethodDoubles", "GenericCountMethodDoubles\GenericCountMethodDoubles.csproj", "{CBE4D6C8-B6FF-414D-B016-7B8F8F409321}"
EndProject
Project("{FAE04EC0-301F-11D3-BF4B-00C04F79EFBC}") = "Tuple", "Tuple\Tuple.csproj", "{BF546121-0BF3-43E6-9D51-B5B628E1EE42}"
EndProject
Project("{FAE04EC0-301F-11D3-BF4B-00C04F79EFBC}") = "Threeuple", "Threeuple\Threeuple.csproj", "{FD1C7BDC-B787-45EA-BADD-90DE1A7CF55B}"
EndProject
Global
	GlobalSection(SolutionConfigurationPlatforms) = preSolution
		Debug|Any CPU = Debug|Any CPU
		Release|Any CPU = Release|Any CPU
	EndGlobalSection
	GlobalSection(ProjectConfigurationPlatforms) = postSolution
		{65F8C139-1494-47BD-B8B6-AD2B90913F00}.Debug|Any CPU.ActiveCfg = Debug|Any CPU
		{65F8C139-1494-47BD-B8B6-AD2B90913F00}.Debug|Any CPU.Build.0 = Debug|Any CPU
		{65F8C139-1494-47BD-B8B6-AD2B90913F00}.Release|Any CPU.ActiveCfg = Release|Any CPU
		{65F8C139-1494-47BD-B8B6-AD2B90913F00}.Release|Any CPU.Build.0 = Release|Any CPU
		{80B93663-4DE2-4A3D-9B87-023975A08A24}.Debug|Any CPU.ActiveCfg = Debug|Any CPU
		{80B93663-4DE2-4A3D-9B87-023975A08A24}.Debug|Any CPU.Build.0 = Debug|Any CPU
		{80B93663-4DE2-4A3D-9B87-023975A08A24}.Release|Any CPU.ActiveCfg = Release|Any CPU
		{80B93663-4DE2-4A3D-9B87-023975A08A24}.Release|Any CPU.Build.0 = Release|Any CPU
		{BD946F7E-8C5D-4583-91E6-312E5BA4B7BD}.Debug|Any CPU.ActiveCfg = Debug|Any CPU
		{BD946F7E-8C5D-4583-91E6-312E5BA4B7BD}.Debug|Any CPU.Build.0 = Debug|Any CPU
		{BD946F7E-8C5D-4583-91E6-312E5BA4B7BD}.Release|Any CPU.ActiveCfg = Release|Any CPU
		{BD946F7E-8C5D-4583-91E6-312E5BA4B7BD}.Release|Any CPU.Build.0 = Release|Any CPU
		{C1DCBF80-AB70-49EB-9D94-268ACF81A682}.Debug|Any CPU.ActiveCfg = Debug|Any CPU
		{C1DCBF80-AB70-49EB-9D94-268ACF81A682}.Debug|Any CPU.Build.0 = Debug|Any CPU
		{C1DCBF80-AB70-49EB-9D94-268ACF81A682}.Release|Any CPU.ActiveCfg = Release|Any CPU
		{C1DCBF80-AB70-49EB-9D94-268ACF81A682}.Release|Any CPU.Build.0 = Release|Any CPU
		{10009B5D-164D-4E21-92D2-2CAAF09A7F16}.Debug|Any CPU.ActiveCfg = Debug|Any CPU
		{10009B5D-164D-4E21-92D2-2CAAF09A7F16}.Debug|Any CPU.Build.0 = Debug|Any CPU
		{10009B5D-164D-4E21-92D2-2CAAF09A7F16}.Release|Any CPU.ActiveCfg = Release|Any CPU
		{10009B5D-164D-4E21-92D2-2CAAF09A7F16}.Release|Any CPU.Build.0 = Release|Any CPU
		{CBE4D6C8-B6FF-414D-B016-7B8F8F409321}.Debug|Any CPU.ActiveCfg = Debug|Any CPU
		{CBE4D6C8-B6FF-414D-B016-7B8F8F409321}.Debug|Any CPU.Build.0 = Debug|Any CPU
		{CBE4D6C8-B6FF-414D-B016-7B8F8F409321}.Release|Any CPU.ActiveCfg = Release|Any CPU
		{CBE4D6C8-B6FF-414D-B016-7B8F8F409321}.Release|Any CPU.Build.0 = Release|Any CPU
		{BF546121-0BF3-43E6-9D51-B5B628E1EE42}.Debug|Any CPU.ActiveCfg = Debug|Any CPU
		{BF546121-0BF3-43E6-9D51-B5B628E1EE42}.Debug|Any CPU.Build.0 = Debug|Any CPU
		{BF546121-0BF3-43E6-9D51-B5B628E1EE42}.Release|Any CPU.ActiveCfg = Release|Any CPU
		{BF546121-0BF3-43E6-9D51-B5B628E1EE42}.Release|Any CPU.Build.0 = Release|Any CPU
		{FD1C7BDC-B787-45EA-BADD-90DE1A7CF55B}.Debug|Any CPU.ActiveCfg = Debug|Any CPU
		{FD1C7BDC-B787-45EA-BADD-90DE1A7CF55B}.Debug|Any CPU.Build.0 = Debug|Any CPU
		{FD1C7BDC-B787-45EA-BADD-90DE1A7CF55B}.Release|Any CPU.ActiveCfg = Release|Any CPU
		{FD1C7BDC-B787-45EA-BADD-90DE1A7CF55B}.Release|Any CPU.Build.0 = Release|Any CPU
	EndGlobalSection
	GlobalSection(SolutionProperties) = preSolution
		HideSolutionNode = FALSE
	EndGlobalSection
	GlobalSection(ExtensibilityGlobals) = postSolution
		SolutionGuid = {CE968052-CE73-41BA-B514-58DE18E44EA0}
	EndGlobalSection
EndGlobal
