
Microsoft Visual Studio Solution File, Format Version 12.00
# Visual Studio Version 16
VisualStudioVersion = 16.0.30907.101
MinimumVisualStudioVersion = 10.0.40219.1
Project("{FAE04EC0-301F-11D3-BF4B-00C04F79EFBC}") = "LootBox", "LootBox\LootBox.csproj", "{FDE27DE0-0BA5-4AE7-9195-A0FC53F39997}"
EndProject
Global
	GlobalSection(SolutionConfigurationPlatforms) = preSolution
		Debug|Any CPU = Debug|Any CPU
		Release|Any CPU = Release|Any CPU
	EndGlobalSection
	GlobalSection(ProjectConfigurationPlatforms) = postSolution
		{FDE27DE0-0BA5-4AE7-9195-A0FC53F39997}.Debug|Any CPU.ActiveCfg = Debug|Any CPU
		{FDE27DE0-0BA5-4AE7-9195-A0FC53F39997}.Debug|Any CPU.Build.0 = Debug|Any CPU
		{FDE27DE0-0BA5-4AE7-9195-A0FC53F39997}.Release|Any CPU.ActiveCfg = Release|Any CPU
		{FDE27DE0-0BA5-4AE7-9195-A0FC53F39997}.Release|Any CPU.Build.0 = Release|Any CPU
	EndGlobalSection
	GlobalSection(SolutionProperties) = preSolution
		HideSolutionNode = FALSE
	EndGlobalSection
	GlobalSection(ExtensibilityGlobals) = postSolution
		SolutionGuid = {DE49C8A5-29A3-4AA0-B479-F1DB5D84C90D}
	EndGlobalSection
EndGlobal
