
Microsoft Visual Studio Solution File, Format Version 12.00
# Visual Studio Version 16
VisualStudioVersion = 16.0.30523.141
MinimumVisualStudioVersion = 10.0.40219.1
Project("{FAE04EC0-301F-11D3-BF4B-00C04F79EFBC}") = "01. MatchFullName", "01. MatchFullName.csproj", "{69808061-9697-488A-B9A0-F971DB14BE7D}"
EndProject
Project("{FAE04EC0-301F-11D3-BF4B-00C04F79EFBC}") = "02. MatchPhoneNumber", "..\02. MatchPhoneNumber\02. MatchPhoneNumber.csproj", "{C5921B74-F1A7-4CCC-853E-F4E032FB35BF}"
EndProject
Project("{FAE04EC0-301F-11D3-BF4B-00C04F79EFBC}") = "03. MatchDates", "..\03. MatchDates\03. MatchDates.csproj", "{13E9E91B-BB6E-49B0-A232-489A9EF9ABB2}"
EndProject
Global
	GlobalSection(SolutionConfigurationPlatforms) = preSolution
		Debug|Any CPU = Debug|Any CPU
		Release|Any CPU = Release|Any CPU
	EndGlobalSection
	GlobalSection(ProjectConfigurationPlatforms) = postSolution
		{69808061-9697-488A-B9A0-F971DB14BE7D}.Debug|Any CPU.ActiveCfg = Debug|Any CPU
		{69808061-9697-488A-B9A0-F971DB14BE7D}.Debug|Any CPU.Build.0 = Debug|Any CPU
		{69808061-9697-488A-B9A0-F971DB14BE7D}.Release|Any CPU.ActiveCfg = Release|Any CPU
		{69808061-9697-488A-B9A0-F971DB14BE7D}.Release|Any CPU.Build.0 = Release|Any CPU
		{C5921B74-F1A7-4CCC-853E-F4E032FB35BF}.Debug|Any CPU.ActiveCfg = Debug|Any CPU
		{C5921B74-F1A7-4CCC-853E-F4E032FB35BF}.Debug|Any CPU.Build.0 = Debug|Any CPU
		{C5921B74-F1A7-4CCC-853E-F4E032FB35BF}.Release|Any CPU.ActiveCfg = Release|Any CPU
		{C5921B74-F1A7-4CCC-853E-F4E032FB35BF}.Release|Any CPU.Build.0 = Release|Any CPU
		{13E9E91B-BB6E-49B0-A232-489A9EF9ABB2}.Debug|Any CPU.ActiveCfg = Debug|Any CPU
		{13E9E91B-BB6E-49B0-A232-489A9EF9ABB2}.Debug|Any CPU.Build.0 = Debug|Any CPU
		{13E9E91B-BB6E-49B0-A232-489A9EF9ABB2}.Release|Any CPU.ActiveCfg = Release|Any CPU
		{13E9E91B-BB6E-49B0-A232-489A9EF9ABB2}.Release|Any CPU.Build.0 = Release|Any CPU
	EndGlobalSection
	GlobalSection(SolutionProperties) = preSolution
		HideSolutionNode = FALSE
	EndGlobalSection
	GlobalSection(ExtensibilityGlobals) = postSolution
		SolutionGuid = {EACDD206-6C0B-4D66-93BF-08522B5C2D53}
	EndGlobalSection
EndGlobal
