
Microsoft Visual Studio Solution File, Format Version 12.00
# Visual Studio Version 16
VisualStudioVersion = 16.0.30804.86
MinimumVisualStudioVersion = 10.0.40219.1
Project("{FAE04EC0-301F-11D3-BF4B-00C04F79EFBC}") = "01. BasicStackOperations", "01. BasicStackOperations.csproj", "{C3372D0F-FC35-4087-8B79-93D17C67D0FE}"
EndProject
Project("{FAE04EC0-301F-11D3-BF4B-00C04F79EFBC}") = "02. BasicQueueOperations", "..\02. BasicQueueOperations\02. BasicQueueOperations.csproj", "{147C6664-AE4A-42EE-A236-BA706D8D11D2}"
EndProject
Project("{FAE04EC0-301F-11D3-BF4B-00C04F79EFBC}") = "03. MaximumAndMinimumElement", "..\03. MaximumAndMinimumElement\03. MaximumAndMinimumElement.csproj", "{DFBBB388-AC78-4E93-AA3D-292D27F25666}"
EndProject
Project("{FAE04EC0-301F-11D3-BF4B-00C04F79EFBC}") = "04. FastFood", "..\04. FastFood\04. FastFood.csproj", "{87B92D44-A8D9-4D68-ABA1-236972123BB6}"
EndProject
Project("{FAE04EC0-301F-11D3-BF4B-00C04F79EFBC}") = "05. FashionBoutique", "..\05. FashionBoutique\05. FashionBoutique.csproj", "{D8E7B3BD-9A86-447C-BD62-23148ED4D7A4}"
EndProject
Global
	GlobalSection(SolutionConfigurationPlatforms) = preSolution
		Debug|Any CPU = Debug|Any CPU
		Release|Any CPU = Release|Any CPU
	EndGlobalSection
	GlobalSection(ProjectConfigurationPlatforms) = postSolution
		{C3372D0F-FC35-4087-8B79-93D17C67D0FE}.Debug|Any CPU.ActiveCfg = Debug|Any CPU
		{C3372D0F-FC35-4087-8B79-93D17C67D0FE}.Debug|Any CPU.Build.0 = Debug|Any CPU
		{C3372D0F-FC35-4087-8B79-93D17C67D0FE}.Release|Any CPU.ActiveCfg = Release|Any CPU
		{C3372D0F-FC35-4087-8B79-93D17C67D0FE}.Release|Any CPU.Build.0 = Release|Any CPU
		{147C6664-AE4A-42EE-A236-BA706D8D11D2}.Debug|Any CPU.ActiveCfg = Debug|Any CPU
		{147C6664-AE4A-42EE-A236-BA706D8D11D2}.Debug|Any CPU.Build.0 = Debug|Any CPU
		{147C6664-AE4A-42EE-A236-BA706D8D11D2}.Release|Any CPU.ActiveCfg = Release|Any CPU
		{147C6664-AE4A-42EE-A236-BA706D8D11D2}.Release|Any CPU.Build.0 = Release|Any CPU
		{DFBBB388-AC78-4E93-AA3D-292D27F25666}.Debug|Any CPU.ActiveCfg = Debug|Any CPU
		{DFBBB388-AC78-4E93-AA3D-292D27F25666}.Debug|Any CPU.Build.0 = Debug|Any CPU
		{DFBBB388-AC78-4E93-AA3D-292D27F25666}.Release|Any CPU.ActiveCfg = Release|Any CPU
		{DFBBB388-AC78-4E93-AA3D-292D27F25666}.Release|Any CPU.Build.0 = Release|Any CPU
		{87B92D44-A8D9-4D68-ABA1-236972123BB6}.Debug|Any CPU.ActiveCfg = Debug|Any CPU
		{87B92D44-A8D9-4D68-ABA1-236972123BB6}.Debug|Any CPU.Build.0 = Debug|Any CPU
		{87B92D44-A8D9-4D68-ABA1-236972123BB6}.Release|Any CPU.ActiveCfg = Release|Any CPU
		{87B92D44-A8D9-4D68-ABA1-236972123BB6}.Release|Any CPU.Build.0 = Release|Any CPU
		{D8E7B3BD-9A86-447C-BD62-23148ED4D7A4}.Debug|Any CPU.ActiveCfg = Debug|Any CPU
		{D8E7B3BD-9A86-447C-BD62-23148ED4D7A4}.Debug|Any CPU.Build.0 = Debug|Any CPU
		{D8E7B3BD-9A86-447C-BD62-23148ED4D7A4}.Release|Any CPU.ActiveCfg = Release|Any CPU
		{D8E7B3BD-9A86-447C-BD62-23148ED4D7A4}.Release|Any CPU.Build.0 = Release|Any CPU
	EndGlobalSection
	GlobalSection(SolutionProperties) = preSolution
		HideSolutionNode = FALSE
	EndGlobalSection
	GlobalSection(ExtensibilityGlobals) = postSolution
		SolutionGuid = {F9A7F146-B23B-4491-BCB5-61A55CBF1744}
	EndGlobalSection
EndGlobal
