
Microsoft Visual Studio Solution File, Format Version 12.00
# Visual Studio Version 16
VisualStudioVersion = 16.0.30804.86
MinimumVisualStudioVersion = 10.0.40219.1
Project("{9A19103F-16F7-4668-BE54-9A1E7A4F7556}") = "01. SortEvenNumbers", "01. SortEvenNumbers.csproj", "{19F2519F-AB08-4579-A532-BE25E04FE854}"
EndProject
Project("{9A19103F-16F7-4668-BE54-9A1E7A4F7556}") = "02. SumNumbers", "..\02. SumNumbers\02. SumNumbers.csproj", "{5BF245CF-EF2F-4BF4-BF26-149B104AC9B0}"
EndProject
Project("{9A19103F-16F7-4668-BE54-9A1E7A4F7556}") = "03. CountUppercaseWords", "..\03. CountUppercaseWords\03. CountUppercaseWords.csproj", "{94C82C9C-C12F-47A9-B1A5-A640432CFB5B}"
EndProject
Project("{9A19103F-16F7-4668-BE54-9A1E7A4F7556}") = "04. AddVAT", "..\04. AddVAT\04. AddVAT.csproj", "{712270BF-3664-4DF9-A03B-C8E6FCFD19CC}"
EndProject
Project("{FAE04EC0-301F-11D3-BF4B-00C04F79EFBC}") = "05. FilterByAge", "..\05. FilterByAge\05. FilterByAge.csproj", "{27DBFDC2-02AF-413D-A93E-76C9F1FCBFCD}"
EndProject
Global
	GlobalSection(SolutionConfigurationPlatforms) = preSolution
		Debug|Any CPU = Debug|Any CPU
		Release|Any CPU = Release|Any CPU
	EndGlobalSection
	GlobalSection(ProjectConfigurationPlatforms) = postSolution
		{19F2519F-AB08-4579-A532-BE25E04FE854}.Debug|Any CPU.ActiveCfg = Debug|Any CPU
		{19F2519F-AB08-4579-A532-BE25E04FE854}.Debug|Any CPU.Build.0 = Debug|Any CPU
		{19F2519F-AB08-4579-A532-BE25E04FE854}.Release|Any CPU.ActiveCfg = Release|Any CPU
		{19F2519F-AB08-4579-A532-BE25E04FE854}.Release|Any CPU.Build.0 = Release|Any CPU
		{5BF245CF-EF2F-4BF4-BF26-149B104AC9B0}.Debug|Any CPU.ActiveCfg = Debug|Any CPU
		{5BF245CF-EF2F-4BF4-BF26-149B104AC9B0}.Debug|Any CPU.Build.0 = Debug|Any CPU
		{5BF245CF-EF2F-4BF4-BF26-149B104AC9B0}.Release|Any CPU.ActiveCfg = Release|Any CPU
		{5BF245CF-EF2F-4BF4-BF26-149B104AC9B0}.Release|Any CPU.Build.0 = Release|Any CPU
		{94C82C9C-C12F-47A9-B1A5-A640432CFB5B}.Debug|Any CPU.ActiveCfg = Debug|Any CPU
		{94C82C9C-C12F-47A9-B1A5-A640432CFB5B}.Debug|Any CPU.Build.0 = Debug|Any CPU
		{94C82C9C-C12F-47A9-B1A5-A640432CFB5B}.Release|Any CPU.ActiveCfg = Release|Any CPU
		{94C82C9C-C12F-47A9-B1A5-A640432CFB5B}.Release|Any CPU.Build.0 = Release|Any CPU
		{712270BF-3664-4DF9-A03B-C8E6FCFD19CC}.Debug|Any CPU.ActiveCfg = Debug|Any CPU
		{712270BF-3664-4DF9-A03B-C8E6FCFD19CC}.Debug|Any CPU.Build.0 = Debug|Any CPU
		{712270BF-3664-4DF9-A03B-C8E6FCFD19CC}.Release|Any CPU.ActiveCfg = Release|Any CPU
		{712270BF-3664-4DF9-A03B-C8E6FCFD19CC}.Release|Any CPU.Build.0 = Release|Any CPU
		{27DBFDC2-02AF-413D-A93E-76C9F1FCBFCD}.Debug|Any CPU.ActiveCfg = Debug|Any CPU
		{27DBFDC2-02AF-413D-A93E-76C9F1FCBFCD}.Debug|Any CPU.Build.0 = Debug|Any CPU
		{27DBFDC2-02AF-413D-A93E-76C9F1FCBFCD}.Release|Any CPU.ActiveCfg = Release|Any CPU
		{27DBFDC2-02AF-413D-A93E-76C9F1FCBFCD}.Release|Any CPU.Build.0 = Release|Any CPU
	EndGlobalSection
	GlobalSection(SolutionProperties) = preSolution
		HideSolutionNode = FALSE
	EndGlobalSection
	GlobalSection(ExtensibilityGlobals) = postSolution
		SolutionGuid = {E16E721B-7FFC-4AED-88CE-4C95B98E2D22}
	EndGlobalSection
EndGlobal
