
Microsoft Visual Studio Solution File, Format Version 12.00
# Visual Studio Version 16
VisualStudioVersion = 16.0.30413.136
MinimumVisualStudioVersion = 10.0.40219.1
Project("{FAE04EC0-301F-11D3-BF4B-00C04F79EFBC}") = "demo", "demo\demo.csproj", "{BCF9EFB6-4987-4D72-843C-E8D0281E2072}"
EndProject
Global
	GlobalSection(SolutionConfigurationPlatforms) = preSolution
		Debug|Any CPU = Debug|Any CPU
		Release|Any CPU = Release|Any CPU
	EndGlobalSection
	GlobalSection(ProjectConfigurationPlatforms) = postSolution
		{BCF9EFB6-4987-4D72-843C-E8D0281E2072}.Debug|Any CPU.ActiveCfg = Debug|Any CPU
		{BCF9EFB6-4987-4D72-843C-E8D0281E2072}.Debug|Any CPU.Build.0 = Debug|Any CPU
		{BCF9EFB6-4987-4D72-843C-E8D0281E2072}.Release|Any CPU.ActiveCfg = Release|Any CPU
		{BCF9EFB6-4987-4D72-843C-E8D0281E2072}.Release|Any CPU.Build.0 = Release|Any CPU
	EndGlobalSection
	GlobalSection(SolutionProperties) = preSolution
		HideSolutionNode = FALSE
	EndGlobalSection
	GlobalSection(ExtensibilityGlobals) = postSolution
		SolutionGuid = {0E061243-6EAA-4878-9703-D28B1294E7FA}
	EndGlobalSection
EndGlobal
